// !$*UTF8*$!
{
	archiveVersion = 1;
	classes = {
	};
	objectVersion = 46;
	objects = {

/* Begin PBXBuildFile section */
		5B3B25D116A6F50A00810EAA /* UIKit.framework in Frameworks */ = {isa = PBXBuildFile; fileRef = 5B3B25D016A6F50A00810EAA /* UIKit.framework */; };
		5B3B25D316A6F50A00810EAA /* Foundation.framework in Frameworks */ = {isa = PBXBuildFile; fileRef = 5B3B25D216A6F50A00810EAA /* Foundation.framework */; };
		5B3B25D516A6F50A00810EAA /* CoreGraphics.framework in Frameworks */ = {isa = PBXBuildFile; fileRef = 5B3B25D416A6F50A00810EAA /* CoreGraphics.framework */; };
		5B3B25DB16A6F50A00810EAA /* InfoPlist.strings in Resources */ = {isa = PBXBuildFile; fileRef = 5B3B25D916A6F50A00810EAA /* InfoPlist.strings */; };
		5B3B25DD16A6F50A00810EAA /* main.m in Sources */ = {isa = PBXBuildFile; fileRef = 5B3B25DC16A6F50A00810EAA /* main.m */; };
		5B3B25E116A6F50A00810EAA /* csAppDelegate.m in Sources */ = {isa = PBXBuildFile; fileRef = 5B3B25E016A6F50A00810EAA /* csAppDelegate.m */; };
		5B3B25E316A6F50A00810EAA /* Default.png in Resources */ = {isa = PBXBuildFile; fileRef = 5B3B25E216A6F50A00810EAA /* Default.png */; };
		5B3B25E516A6F50A00810EAA /* Default@2x.png in Resources */ = {isa = PBXBuildFile; fileRef = 5B3B25E416A6F50A00810EAA /* Default@2x.png */; };
		5B3B25E716A6F50A00810EAA /* Default-568h@2x.png in Resources */ = {isa = PBXBuildFile; fileRef = 5B3B25E616A6F50A00810EAA /* Default-568h@2x.png */; };
		5B3B25EA16A6F50A00810EAA /* csViewController.m in Sources */ = {isa = PBXBuildFile; fileRef = 5B3B25E916A6F50A00810EAA /* csViewController.m */; };
		5B3B25ED16A6F50A00810EAA /* csViewController.xib in Resources */ = {isa = PBXBuildFile; fileRef = 5B3B25EB16A6F50A00810EAA /* csViewController.xib */; };
/* End PBXBuildFile section */

/* Begin PBXFileReference section */
		5B3B25CC16A6F50A00810EAA /* comshare.app */ = {isa = PBXFileReference; explicitFileType = wrapper.application; includeInIndex = 0; path = comshare.app; sourceTree = BUILT_PRODUCTS_DIR; };
		5B3B25D016A6F50A00810EAA /* UIKit.framework */ = {isa = PBXFileReference; lastKnownFileType = wrapper.framework; name = UIKit.framework; path = System/Library/Frameworks/UIKit.framework; sourceTree = SDKROOT; };
		5B3B25D216A6F50A00810EAA /* Foundation.framework */ = {isa = PBXFileReference; lastKnownFileType = wrapper.framework; name = Foundation.framework; path = System/Library/Frameworks/Foundation.framework; sourceTree = SDKROOT; };
		5B3B25D416A6F50A00810EAA /* CoreGraphics.framework */ = {isa = PBXFileReference; lastKnownFileType = wrapper.framework; name = CoreGraphics.framework; path = System/Library/Frameworks/CoreGraphics.framework; sourceTree = SDKROOT; };
		5B3B25D816A6F50A00810EAA /* comshare-Info.plist */ = {isa = PBXFileReference; lastKnownFileType = text.plist.xml; path = "comshare-Info.plist"; sourceTree = "<group>"; };
		5B3B25DA16A6F50A00810EAA /* en */ = {isa = PBXFileReference; lastKnownFileType = text.plist.strings; name = en; path = en.lproj/InfoPlist.strings; sourceTree = "<group>"; };
		5B3B25DC16A6F50A00810EAA /* main.m */ = {isa = PBXFileReference; lastKnownFileType = sourcecode.c.objc; path = main.m; sourceTree = "<group>"; };
		5B3B25DE16A6F50A00810EAA /* comshare-Prefix.pch */ = {isa = PBXFileReference; lastKnownFileType = sourcecode.c.h; path = "comshare-Prefix.pch"; sourceTree = "<group>"; };
		5B3B25DF16A6F50A00810EAA /* csAppDelegate.h */ = {isa = PBXFileReference; lastKnownFileType = sourcecode.c.h; path = csAppDelegate.h; sourceTree = "<group>"; };
		5B3B25E016A6F50A00810EAA /* csAppDelegate.m */ = {isa = PBXFileReference; lastKnownFileType = sourcecode.c.objc; path = csAppDelegate.m; sourceTree = "<group>"; };
		5B3B25E216A6F50A00810EAA /* Default.png */ = {isa = PBXFileReference; lastKnownFileType = image.png; path = Default.png; sourceTree = "<group>"; };
		5B3B25E416A6F50A00810EAA /* Default@2x.png */ = {isa = PBXFileReference; lastKnownFileType = image.png; path = "Default@2x.png"; sourceTree = "<group>"; };
		5B3B25E616A6F50A00810EAA /* Default-568h@2x.png */ = {isa = PBXFileReference; lastKnownFileType = image.png; path = "Default-568h@2x.png"; sourceTree = "<group>"; };
		5B3B25E816A6F50A00810EAA /* csViewController.h */ = {isa = PBXFileReference; lastKnownFileType = sourcecode.c.h; path = csViewController.h; sourceTree = "<group>"; };
		5B3B25E916A6F50A00810EAA /* csViewController.m */ = {isa = PBXFileReference; lastKnownFileType = sourcecode.c.objc; path = csViewController.m; sourceTree = "<group>"; };
		5B3B25EC16A6F50A00810EAA /* en */ = {isa = PBXFileReference; lastKnownFileType = file.xib; name = en; path = en.lproj/csViewController.xib; sourceTree = "<group>"; };
/* End PBXFileReference section */

/* Begin PBXFrameworksBuildPhase section */
		5B3B25C916A6F50A00810EAA /* Frameworks */ = {
			isa = PBXFrameworksBuildPhase;
			buildActionMask = 2147483647;
			files = (
				5B3B25D116A6F50A00810EAA /* UIKit.framework in Frameworks */,
				5B3B25D316A6F50A00810EAA /* Foundation.framework in Frameworks */,
				5B3B25D516A6F50A00810EAA /* CoreGraphics.framework in Frameworks */,
			);
			runOnlyForDeploymentPostprocessing = 0;
		};
/* End PBXFrameworksBuildPhase section */

/* Begin PBXGroup section */
		5B3B25C116A6F50A00810EAA = {
			isa = PBXGroup;
			children = (
				5B3B25D616A6F50A00810EAA /* comshare */,
				5B3B25CF16A6F50A00810EAA /* Frameworks */,
				5B3B25CD16A6F50A00810EAA /* Products */,
			);
			sourceTree = "<group>";
		};
		5B3B25CD16A6F50A00810EAA /* Products */ = {
			isa = PBXGroup;
			children = (
				5B3B25CC16A6F50A00810EAA /* comshare.app */,
			);
			name = Products;
			sourceTree = "<group>";
		};
		5B3B25CF16A6F50A00810EAA /* Frameworks */ = {
			isa = PBXGroup;
			children = (
				5B3B25D016A6F50A00810EAA /* UIKit.framework */,
				5B3B25D216A6F50A00810EAA /* Foundation.framework */,
				5B3B25D416A6F50A00810EAA /* CoreGraphics.framework */,
			);
			name = Frameworks;
			sourceTree = "<group>";
		};
		5B3B25D616A6F50A00810EAA /* comshare */ = {
			isa = PBXGroup;
			children = (
				5B3B25DF16A6F50A00810EAA /* csAppDelegate.h */,
				5B3B25E016A6F50A00810EAA /* csAppDelegate.m */,
				5B3B25E816A6F50A00810EAA /* csViewController.h */,
				5B3B25E916A6F50A00810EAA /* csViewController.m */,
				5B3B25EB16A6F50A00810EAA /* csViewController.xib */,
				5B3B25D716A6F50A00810EAA /* Supporting Files */,
			);
			path = comshare;
			sourceTree = "<group>";
		};
		5B3B25D716A6F50A00810EAA /* Supporting Files */ = {
			isa = PBXGroup;
			children = (
				5B3B25D816A6F50A00810EAA /* comshare-Info.plist */,
				5B3B25D916A6F50A00810EAA /* InfoPlist.strings */,
				5B3B25DC16A6F50A00810EAA /* main.m */,
				5B3B25DE16A6F50A00810EAA /* comshare-Prefix.pch */,
				5B3B25E216A6F50A00810EAA /* Default.png */,
				5B3B25E416A6F50A00810EAA /* Default@2x.png */,
				5B3B25E616A6F50A00810EAA /* Default-568h@2x.png */,
			);
			name = "Supporting Files";
			sourceTree = "<group>";
		};
/* End PBXGroup section */

/* Begin PBXNativeTarget section */
		5B3B25CB16A6F50A00810EAA /* comshare */ = {
			isa = PBXNativeTarget;
			buildConfigurationList = 5B3B25F016A6F50A00810EAA /* Build configuration list for PBXNativeTarget "comshare" */;
			buildPhases = (
				5B3B25C816A6F50A00810EAA /* Sources */,
				5B3B25C916A6F50A00810EAA /* Frameworks */,
				5B3B25CA16A6F50A00810EAA /* Resources */,
			);
			buildRules = (
			);
			dependencies = (
			);
			name = comshare;
			productName = comshare;
			productReference = 5B3B25CC16A6F50A00810EAA /* comshare.app */;
			productType = "com.apple.product-type.application";
		};
/* End PBXNativeTarget section */

/* Begin PBXProject section */
		5B3B25C316A6F50A00810EAA /* Project object */ = {
			isa = PBXProject;
			attributes = {
				CLASSPREFIX = cs;
				LastUpgradeCheck = 0450;
				ORGANIZATIONNAME = "Mick Tsai";
			};
			buildConfigurationList = 5B3B25C616A6F50A00810EAA /* Build configuration list for PBXProject "comshare" */;
			compatibilityVersion = "Xcode 3.2";
			developmentRegion = English;
			hasScannedForEncodings = 0;
			knownRegions = (
				en,
			);
			mainGroup = 5B3B25C116A6F50A00810EAA;
			productRefGroup = 5B3B25CD16A6F50A00810EAA /* Products */;
			projectDirPath = "";
			projectRoot = "";
			targets = (
				5B3B25CB16A6F50A00810EAA /* comshare */,
			);
		};
/* End PBXProject section */

/* Begin PBXResourcesBuildPhase section */
		5B3B25CA16A6F50A00810EAA /* Resources */ = {
			isa = PBXResourcesBuildPhase;
			buildActionMask = 2147483647;
			files = (
				5B3B25DB16A6F50A00810EAA /* InfoPlist.strings in Resources */,
				5B3B25E316A6F50A00810EAA /* Default.png in Resources */,
				5B3B25E516A6F50A00810EAA /* Default@2x.png in Resources */,
				5B3B25E716A6F50A00810EAA /* Default-568h@2x.png in Resources */,
				5B3B25ED16A6F50A00810EAA /* csViewController.xib in Resources */,
			);
			runOnlyForDeploymentPostprocessing = 0;
		};
/* End PBXResourcesBuildPhase section */

/* Begin PBXSourcesBuildPhase section */
		5B3B25C816A6F50A00810EAA /* Sources */ = {
			isa = PBXSourcesBuildPhase;
			buildActionMask = 2147483647;
			files = (
				5B3B25DD16A6F50A00810EAA /* main.m in Sources */,
				5B3B25E116A6F50A00810EAA /* csAppDelegate.m in Sources */,
				5B3B25EA16A6F50A00810EAA /* csViewController.m in Sources */,
			);
			runOnlyForDeploymentPostprocessing = 0;
		};
/* End PBXSourcesBuildPhase section */

/* Begin PBXVariantGroup section */
		5B3B25D916A6F50A00810EAA /* InfoPlist.strings */ = {
			isa = PBXVariantGroup;
			children = (
				5B3B25DA16A6F50A00810EAA /* en */,
			);
			name = InfoPlist.strings;
			sourceTree = "<group>";
		};
		5B3B25EB16A6F50A00810EAA /* csViewController.xib */ = {
			isa = PBXVariantGroup;
			children = (
				5B3B25EC16A6F50A00810EAA /* en */,
			);
			name = csViewController.xib;
			sourceTree = "<group>";
		};
/* End PBXVariantGroup section */

/* Begin XCBuildConfiguration section */
		5B3B25EE16A6F50A00810EAA /* Debug */ = {
			isa = XCBuildConfiguration;
			buildSettings = {
				ALWAYS_SEARCH_USER_PATHS = NO;
				CLANG_CXX_LANGUAGE_STANDARD = "gnu++0x";
				CLANG_CXX_LIBRARY = "libc++";
				CLANG_WARN_EMPTY_BODY = YES;
				CLANG_WARN__DUPLICATE_METHOD_MATCH = YES;
				"CODE_SIGN_IDENTITY[sdk=iphoneos*]" = "iPhone Developer";
				COPY_PHASE_STRIP = NO;
				GCC_C_LANGUAGE_STANDARD = gnu99;
				GCC_DYNAMIC_NO_PIC = NO;
				GCC_OPTIMIZATION_LEVEL = 0;
				GCC_PREPROCESSOR_DEFINITIONS = (
					"DEBUG=1",
					"$(inherited)",
				);
				GCC_SYMBOLS_PRIVATE_EXTERN = NO;
				GCC_WARN_ABOUT_RETURN_TYPE = YES;
				GCC_WARN_UNINITIALIZED_AUTOS = YES;
				GCC_WARN_UNUSED_VARIABLE = YES;
				IPHONEOS_DEPLOYMENT_TARGET = 6.0;
				ONLY_ACTIVE_ARCH = YES;
				SDKROOT = iphoneos;
			};
			name = Debug;
		};
		5B3B25EF16A6F50A00810EAA /* Release */ = {
			isa = XCBuildConfiguration;
			buildSettings = {
				ALWAYS_SEARCH_USER_PATHS = NO;
				CLANG_CXX_LANGUAGE_STANDARD = "gnu++0x";
				CLANG_CXX_LIBRARY = "libc++";
				CLANG_WARN_EMPTY_BODY = YES;
				CLANG_WARN__DUPLICATE_METHOD_MATCH = YES;
				"CODE_SIGN_IDENTITY[sdk=iphoneos*]" = "iPhone Developer";
				COPY_PHASE_STRIP = YES;
				GCC_C_LANGUAGE_STANDARD = gnu99;
				GCC_WARN_ABOUT_RETURN_TYPE = YES;
				GCC_WARN_UNINITIALIZED_AUTOS = YES;
				GCC_WARN_UNUSED_VARIABLE = YES;
				IPHONEOS_DEPLOYMENT_TARGET = 6.0;
				OTHER_CFLAGS = "-DNS_BLOCK_ASSERTIONS=1";
				SDKROOT = iphoneos;
				VALIDATE_PRODUCT = YES;
			};
			name = Release;
		};
		5B3B25F116A6F50A00810EAA /* Debug */ = {
			isa = XCBuildConfiguration;
			buildSettings = {
				GCC_PRECOMPILE_PREFIX_HEADER = YES;
				GCC_PREFIX_HEADER = "comshare/comshare-Prefix.pch";
				INFOPLIST_FILE = "comshare/comshare-Info.plist";
				PRODUCT_NAME = "$(TARGET_NAME)";
				WRAPPER_EXTENSION = app;
			};
			name = Debug;
		};
		5B3B25F216A6F50A00810EAA /* Release */ = {
			isa = XCBuildConfiguration;
			buildSettings = {
				GCC_PRECOMPILE_PREFIX_HEADER = YES;
				GCC_PREFIX_HEADER = "comshare/comshare-Prefix.pch";
				INFOPLIST_FILE = "comshare/comshare-Info.plist";
				PRODUCT_NAME = "$(TARGET_NAME)";
				WRAPPER_EXTENSION = app;
			};
			name = Release;
		};
/* End XCBuildConfiguration section */

/* Begin XCConfigurationList section */
		5B3B25C616A6F50A00810EAA /* Build configuration list for PBXProject "comshare" */ = {
			isa = XCConfigurationList;
			buildConfigurations = (
				5B3B25EE16A6F50A00810EAA /* Debug */,
				5B3B25EF16A6F50A00810EAA /* Release */,
			);
			defaultConfigurationIsVisible = 0;
			defaultConfigurationName = Release;
		};
		5B3B25F016A6F50A00810EAA /* Build configuration list for PBXNativeTarget "comshare" */ = {
			isa = XCConfigurationList;
			buildConfigurations = (
				5B3B25F116A6F50A00810EAA /* Debug */,
				5B3B25F216A6F50A00810EAA /* Release */,
			);
			defaultConfigurationIsVisible = 0;
		};
/* End XCConfigurationList section */
	};
	rootObject = 5B3B25C316A6F50A00810EAA /* Project object */;
}
